// !$*UTF8*$!
{
	archiveVersion = 1;
	classes = {
	};
	objectVersion = 48;
	objects = {

/* Begin PBXBuildFile section */
		B81F8BE120A7156800413B9F /* AppDelegate.m in Sources */ = {isa = PBXBuildFile; fileRef = B81F8BE020A7156800413B9F /* AppDelegate.m */; };
		B81F8BE420A7156800413B9F /* ViewController.m in Sources */ = {isa = PBXBuildFile; fileRef = B81F8BE320A7156800413B9F /* ViewController.m */; };
		B81F8BE720A7156800413B9F /* Main.storyboard in Resources */ = {isa = PBXBuildFile; fileRef = B81F8BE520A7156800413B9F /* Main.storyboard */; };
		B81F8BE920A7156800413B9F /* Assets.xcassets in Resources */ = {isa = PBXBuildFile; fileRef = B81F8BE820A7156800413B9F /* Assets.xcassets */; };
		B81F8BEC20A7156800413B9F /* LaunchScreen.storyboard in Resources */ = {isa = PBXBuildFile; fileRef = B81F8BEA20A7156800413B9F /* LaunchScreen.storyboard */; };
		B81F8BEF20A7156800413B9F /* main.m in Sources */ = {isa = PBXBuildFile; fileRef = B81F8BEE20A7156800413B9F /* main.m */; };
		B81F8BF920A7156800413B9F /* TTFeedBackDemoTests.m in Sources */ = {isa = PBXBuildFile; fileRef = B81F8BF820A7156800413B9F /* TTFeedBackDemoTests.m */; };
		B81F8C0420A7156800413B9F /* TTFeedBackDemoUITests.m in Sources */ = {isa = PBXBuildFile; fileRef = B81F8C0320A7156800413B9F /* TTFeedBackDemoUITests.m */; };
		B81F8C2D20A7164B00413B9F /* Info.plist in Resources */ = {isa = PBXBuildFile; fileRef = B81F8C1320A7164B00413B9F /* Info.plist */; };
		B81F8C2E20A7164B00413B9F /* MASCompositeConstraint.m in Sources */ = {isa = PBXBuildFile; fileRef = B81F8C1520A7164B00413B9F /* MASCompositeConstraint.m */; };
		B81F8C2F20A7164B00413B9F /* MASConstraint.m in Sources */ = {isa = PBXBuildFile; fileRef = B81F8C1820A7164B00413B9F /* MASConstraint.m */; };
		B81F8C3020A7164B00413B9F /* MASConstraintMaker.m in Sources */ = {isa = PBXBuildFile; fileRef = B81F8C1A20A7164B00413B9F /* MASConstraintMaker.m */; };
		B81F8C3120A7164B00413B9F /* MASLayoutConstraint.m in Sources */ = {isa = PBXBuildFile; fileRef = B81F8C1C20A7164B00413B9F /* MASLayoutConstraint.m */; };
		B81F8C3220A7164B00413B9F /* MASViewAttribute.m in Sources */ = {isa = PBXBuildFile; fileRef = B81F8C2020A7164B00413B9F /* MASViewAttribute.m */; };
		B81F8C3320A7164B00413B9F /* MASViewConstraint.m in Sources */ = {isa = PBXBuildFile; fileRef = B81F8C2220A7164B00413B9F /* MASViewConstraint.m */; };
		B81F8C3420A7164B00413B9F /* NSArray+MASAdditions.m in Sources */ = {isa = PBXBuildFile; fileRef = B81F8C2420A7164B00413B9F /* NSArray+MASAdditions.m */; };
		B81F8C3520A7164B00413B9F /* NSLayoutConstraint+MASDebugAdditions.m in Sources */ = {isa = PBXBuildFile; fileRef = B81F8C2720A7164B00413B9F /* NSLayoutConstraint+MASDebugAdditions.m */; };
		B81F8C3620A7164B00413B9F /* View+MASAdditions.m in Sources */ = {isa = PBXBuildFile; fileRef = B81F8C2920A7164B00413B9F /* View+MASAdditions.m */; };
		B81F8C3720A7164B00413B9F /* ViewController+MASAdditions.m in Sources */ = {isa = PBXBuildFile; fileRef = B81F8C2C20A7164B00413B9F /* ViewController+MASAdditions.m */; };
		B81F8C3A20A7176F00413B9F /* TTFeedbackViewController.m in Sources */ = {isa = PBXBuildFile; fileRef = B81F8C3920A7176F00413B9F /* TTFeedbackViewController.m */; };
/* End PBXBuildFile section */

/* Begin PBXContainerItemProxy section */
		B81F8BF520A7156800413B9F /* PBXContainerItemProxy */ = {
			isa = PBXContainerItemProxy;
			containerPortal = B81F8BD420A7156800413B9F /* Project object */;
			proxyType = 1;
			remoteGlobalIDString = B81F8BDB20A7156800413B9F;
			remoteInfo = TTFeedBackDemo;
		};
		B81F8C0020A7156800413B9F /* PBXContainerItemProxy */ = {
			isa = PBXContainerItemProxy;
			containerPortal = B81F8BD420A7156800413B9F /* Project object */;
			proxyType = 1;
			remoteGlobalIDString = B81F8BDB20A7156800413B9F;
			remoteInfo = TTFeedBackDemo;
		};
/* End PBXContainerItemProxy section */

/* Begin PBXFileReference section */
		B81F8BDC20A7156800413B9F /* TTFeedBackDemo.app */ = {isa = PBXFileReference; explicitFileType = wrapper.application; includeInIndex = 0; path = TTFeedBackDemo.app; sourceTree = BUILT_PRODUCTS_DIR; };
		B81F8BDF20A7156800413B9F /* AppDelegate.h */ = {isa = PBXFileReference; lastKnownFileType = sourcecode.c.h; path = AppDelegate.h; sourceTree = "<group>"; };
		B81F8BE020A7156800413B9F /* AppDelegate.m */ = {isa = PBXFileReference; lastKnownFileType = sourcecode.c.objc; path = AppDelegate.m; sourceTree = "<group>"; };
		B81F8BE220A7156800413B9F /* ViewController.h */ = {isa = PBXFileReference; lastKnownFileType = sourcecode.c.h; path = ViewController.h; sourceTree = "<group>"; };
		B81F8BE320A7156800413B9F /* ViewController.m */ = {isa = PBXFileReference; lastKnownFileType = sourcecode.c.objc; path = ViewController.m; sourceTree = "<group>"; };
		B81F8BE620A7156800413B9F /* Base */ = {isa = PBXFileReference; lastKnownFileType = file.storyboard; name = Base; path = Base.lproj/Main.storyboard; sourceTree = "<group>"; };
		B81F8BE820A7156800413B9F /* Assets.xcassets */ = {isa = PBXFileReference; lastKnownFileType = folder.assetcatalog; path = Assets.xcassets; sourceTree = "<group>"; };
		B81F8BEB20A7156800413B9F /* Base */ = {isa = PBXFileReference; lastKnownFileType = file.storyboard; name = Base; path = Base.lproj/LaunchScreen.storyboard; sourceTree = "<group>"; };
		B81F8BED20A7156800413B9F /* Info.plist */ = {isa = PBXFileReference; lastKnownFileType = text.plist.xml; path = Info.plist; sourceTree = "<group>"; };
		B81F8BEE20A7156800413B9F /* main.m */ = {isa = PBXFileReference; lastKnownFileType = sourcecode.c.objc; path = main.m; sourceTree = "<group>"; };
		B81F8BF420A7156800413B9F /* TTFeedBackDemoTests.xctest */ = {isa = PBXFileReference; explicitFileType = wrapper.cfbundle; includeInIndex = 0; path = TTFeedBackDemoTests.xctest; sourceTree = BUILT_PRODUCTS_DIR; };
		B81F8BF820A7156800413B9F /* TTFeedBackDemoTests.m */ = {isa = PBXFileReference; lastKnownFileType = sourcecode.c.objc; path = TTFeedBackDemoTests.m; sourceTree = "<group>"; };
		B81F8BFA20A7156800413B9F /* Info.plist */ = {isa = PBXFileReference; lastKnownFileType = text.plist.xml; path = Info.plist; sourceTree = "<group>"; };
		B81F8BFF20A7156800413B9F /* TTFeedBackDemoUITests.xctest */ = {isa = PBXFileReference; explicitFileType = wrapper.cfbundle; includeInIndex = 0; path = TTFeedBackDemoUITests.xctest; sourceTree = BUILT_PRODUCTS_DIR; };
		B81F8C0320A7156800413B9F /* TTFeedBackDemoUITests.m */ = {isa = PBXFileReference; lastKnownFileType = sourcecode.c.objc; path = TTFeedBackDemoUITests.m; sourceTree = "<group>"; };
		B81F8C0520A7156800413B9F /* Info.plist */ = {isa = PBXFileReference; lastKnownFileType = text.plist.xml; path = Info.plist; sourceTree = "<group>"; };
		B81F8C1320A7164B00413B9F /* Info.plist */ = {isa = PBXFileReference; fileEncoding = 4; lastKnownFileType = text.plist.xml; path = Info.plist; sourceTree = "<group>"; };
		B81F8C1420A7164B00413B9F /* MASCompositeConstraint.h */ = {isa = PBXFileReference; fileEncoding = 4; lastKnownFileType = sourcecode.c.h; path = MASCompositeConstraint.h; sourceTree = "<group>"; };
		B81F8C1520A7164B00413B9F /* MASCompositeConstraint.m */ = {isa = PBXFileReference; fileEncoding = 4; lastKnownFileType = sourcecode.c.objc; path = MASCompositeConstraint.m; sourceTree = "<group>"; };
		B81F8C1620A7164B00413B9F /* MASConstraint+Private.h */ = {isa = PBXFileReference; fileEncoding = 4; lastKnownFileType = sourcecode.c.h; path = "MASConstraint+Private.h"; sourceTree = "<group>"; };
		B81F8C1720A7164B00413B9F /* MASConstraint.h */ = {isa = PBXFileReference; fileEncoding = 4; lastKnownFileType = sourcecode.c.h; path = MASConstraint.h; sourceTree = "<group>"; };
		B81F8C1820A7164B00413B9F /* MASConstraint.m */ = {isa = PBXFileReference; fileEncoding = 4; lastKnownFileType = sourcecode.c.objc; path = MASConstraint.m; sourceTree = "<group>"; };
		B81F8C1920A7164B00413B9F /* MASConstraintMaker.h */ = {isa = PBXFileReference; fileEncoding = 4; lastKnownFileType = sourcecode.c.h; path = MASConstraintMaker.h; sourceTree = "<group>"; };
		B81F8C1A20A7164B00413B9F /* MASConstraintMaker.m */ = {isa = PBXFileReference; fileEncoding = 4; lastKnownFileType = sourcecode.c.objc; path = MASConstraintMaker.m; sourceTree = "<group>"; };
		B81F8C1B20A7164B00413B9F /* MASLayoutConstraint.h */ = {isa = PBXFileReference; fileEncoding = 4; lastKnownFileType = sourcecode.c.h; path = MASLayoutConstraint.h; sourceTree = "<group>"; };
		B81F8C1C20A7164B00413B9F /* MASLayoutConstraint.m */ = {isa = PBXFileReference; fileEncoding = 4; lastKnownFileType = sourcecode.c.objc; path = MASLayoutConstraint.m; sourceTree = "<group>"; };
		B81F8C1D20A7164B00413B9F /* Masonry.h */ = {isa = PBXFileReference; fileEncoding = 4; lastKnownFileType = sourcecode.c.h; path = Masonry.h; sourceTree = "<group>"; };
		B81F8C1E20A7164B00413B9F /* MASUtilities.h */ = {isa = PBXFileReference; fileEncoding = 4; lastKnownFileType = sourcecode.c.h; path = MASUtilities.h; sourceTree = "<group>"; };
		B81F8C1F20A7164B00413B9F /* MASViewAttribute.h */ = {isa = PBXFileReference; fileEncoding = 4; lastKnownFileType = sourcecode.c.h; path = MASViewAttribute.h; sourceTree = "<group>"; };
		B81F8C2020A7164B00413B9F /* MASViewAttribute.m */ = {isa = PBXFileReference; fileEncoding = 4; lastKnownFileType = sourcecode.c.objc; path = MASViewAttribute.m; sourceTree = "<group>"; };
		B81F8C2120A7164B00413B9F /* MASViewConstraint.h */ = {isa = PBXFileReference; fileEncoding = 4; lastKnownFileType = sourcecode.c.h; path = MASViewConstraint.h; sourceTree = "<group>"; };
		B81F8C2220A7164B00413B9F /* MASViewConstraint.m */ = {isa = PBXFileReference; fileEncoding = 4; lastKnownFileType = sourcecode.c.objc; path = MASViewConstraint.m; sourceTree = "<group>"; };
		B81F8C2320A7164B00413B9F /* NSArray+MASAdditions.h */ = {isa = PBXFileReference; fileEncoding = 4; lastKnownFileType = sourcecode.c.h; path = "NSArray+MASAdditions.h"; sourceTree = "<group>"; };
		B81F8C2420A7164B00413B9F /* NSArray+MASAdditions.m */ = {isa = PBXFileReference; fileEncoding = 4; lastKnownFileType = sourcecode.c.objc; path = "NSArray+MASAdditions.m"; sourceTree = "<group>"; };
		B81F8C2520A7164B00413B9F /* NSArray+MASShorthandAdditions.h */ = {isa = PBXFileReference; fileEncoding = 4; lastKnownFileType = sourcecode.c.h; path = "NSArray+MASShorthandAdditions.h"; sourceTree = "<group>"; };
		B81F8C2620A7164B00413B9F /* NSLayoutConstraint+MASDebugAdditions.h */ = {isa = PBXFileReference; fileEncoding = 4; lastKnownFileType = sourcecode.c.h; path = "NSLayoutConstraint+MASDebugAdditions.h"; sourceTree = "<group>"; };
		B81F8C2720A7164B00413B9F /* NSLayoutConstraint+MASDebugAdditions.m */ = {isa = PBXFileReference; fileEncoding = 4; lastKnownFileType = sourcecode.c.objc; path = "NSLayoutConstraint+MASDebugAdditions.m"; sourceTree = "<group>"; };
		B81F8C2820A7164B00413B9F /* View+MASAdditions.h */ = {isa = PBXFileReference; fileEncoding = 4; lastKnownFileType = sourcecode.c.h; path = "View+MASAdditions.h"; sourceTree = "<group>"; };
		B81F8C2920A7164B00413B9F /* View+MASAdditions.m */ = {isa = PBXFileReference; fileEncoding = 4; lastKnownFileType = sourcecode.c.objc; path = "View+MASAdditions.m"; sourceTree = "<group>"; };
		B81F8C2A20A7164B00413B9F /* View+MASShorthandAdditions.h */ = {isa = PBXFileReference; fileEncoding = 4; lastKnownFileType = sourcecode.c.h; path = "View+MASShorthandAdditions.h"; sourceTree = "<group>"; };
		B81F8C2B20A7164B00413B9F /* ViewController+MASAdditions.h */ = {isa = PBXFileReference; fileEncoding = 4; lastKnownFileType = sourcecode.c.h; path = "ViewController+MASAdditions.h"; sourceTree = "<group>"; };
		B81F8C2C20A7164B00413B9F /* ViewController+MASAdditions.m */ = {isa = PBXFileReference; fileEncoding = 4; lastKnownFileType = sourcecode.c.objc; path = "ViewController+MASAdditions.m"; sourceTree = "<group>"; };
		B81F8C3820A7176F00413B9F /* TTFeedbackViewController.h */ = {isa = PBXFileReference; lastKnownFileType = sourcecode.c.h; path = TTFeedbackViewController.h; sourceTree = "<group>"; };
		B81F8C3920A7176F00413B9F /* TTFeedbackViewController.m */ = {isa = PBXFileReference; lastKnownFileType = sourcecode.c.objc; path = TTFeedbackViewController.m; sourceTree = "<group>"; };
/* End PBXFileReference section */

/* Begin PBXFrameworksBuildPhase section */
		B81F8BD920A7156800413B9F /* Frameworks */ = {
			isa = PBXFrameworksBuildPhase;
			buildActionMask = 2147483647;
			files = (
			);
			runOnlyForDeploymentPostprocessing = 0;
		};
		B81F8BF120A7156800413B9F /* Frameworks */ = {
			isa = PBXFrameworksBuildPhase;
			buildActionMask = 2147483647;
			files = (
			);
			runOnlyForDeploymentPostprocessing = 0;
		};
		B81F8BFC20A7156800413B9F /* Frameworks */ = {
			isa = PBXFrameworksBuildPhase;
			buildActionMask = 2147483647;
			files = (
			);
			runOnlyForDeploymentPostprocessing = 0;
		};
/* End PBXFrameworksBuildPhase section */

/* Begin PBXGroup section */
		B81F8BD320A7156800413B9F = {
			isa = PBXGroup;
			children = (
				B81F8BDE20A7156800413B9F /* TTFeedBackDemo */,
				B81F8BF720A7156800413B9F /* TTFeedBackDemoTests */,
				B81F8C0220A7156800413B9F /* TTFeedBackDemoUITests */,
				B81F8BDD20A7156800413B9F /* Products */,
			);
			sourceTree = "<group>";
		};
		B81F8BDD20A7156800413B9F /* Products */ = {
			isa = PBXGroup;
			children = (
				B81F8BDC20A7156800413B9F /* TTFeedBackDemo.app */,
				B81F8BF420A7156800413B9F /* TTFeedBackDemoTests.xctest */,
				B81F8BFF20A7156800413B9F /* TTFeedBackDemoUITests.xctest */,
			);
			name = Products;
			sourceTree = "<group>";
		};
		B81F8BDE20A7156800413B9F /* TTFeedBackDemo */ = {
			isa = PBXGroup;
			children = (
				B81F8C1120A7163C00413B9F /* Libraries */,
				B81F8BDF20A7156800413B9F /* AppDelegate.h */,
				B81F8BE020A7156800413B9F /* AppDelegate.m */,
				B81F8BE220A7156800413B9F /* ViewController.h */,
				B81F8BE320A7156800413B9F /* ViewController.m */,
				B81F8BE520A7156800413B9F /* Main.storyboard */,
				B81F8BE820A7156800413B9F /* Assets.xcassets */,
				B81F8BEA20A7156800413B9F /* LaunchScreen.storyboard */,
				B81F8BED20A7156800413B9F /* Info.plist */,
				B81F8BEE20A7156800413B9F /* main.m */,
				B81F8C3820A7176F00413B9F /* TTFeedbackViewController.h */,
				B81F8C3920A7176F00413B9F /* TTFeedbackViewController.m */,
			);
			path = TTFeedBackDemo;
			sourceTree = "<group>";
		};
		B81F8BF720A7156800413B9F /* TTFeedBackDemoTests */ = {
			isa = PBXGroup;
			children = (
				B81F8BF820A7156800413B9F /* TTFeedBackDemoTests.m */,
				B81F8BFA20A7156800413B9F /* Info.plist */,
			);
			path = TTFeedBackDemoTests;
			sourceTree = "<group>";
		};
		B81F8C0220A7156800413B9F /* TTFeedBackDemoUITests */ = {
			isa = PBXGroup;
			children = (
				B81F8C0320A7156800413B9F /* TTFeedBackDemoUITests.m */,
				B81F8C0520A7156800413B9F /* Info.plist */,
			);
			path = TTFeedBackDemoUITests;
			sourceTree = "<group>";
		};
		B81F8C1120A7163C00413B9F /* Libraries */ = {
			isa = PBXGroup;
			children = (
				B81F8C1220A7164B00413B9F /* Masonry */,
			);
			path = Libraries;
			sourceTree = "<group>";
		};
		B81F8C1220A7164B00413B9F /* Masonry */ = {
			isa = PBXGroup;
			children = (
				B81F8C1320A7164B00413B9F /* Info.plist */,
				B81F8C1420A7164B00413B9F /* MASCompositeConstraint.h */,
				B81F8C1520A7164B00413B9F /* MASCompositeConstraint.m */,
				B81F8C1620A7164B00413B9F /* MASConstraint+Private.h */,
				B81F8C1720A7164B00413B9F /* MASConstraint.h */,
				B81F8C1820A7164B00413B9F /* MASConstraint.m */,
				B81F8C1920A7164B00413B9F /* MASConstraintMaker.h */,
				B81F8C1A20A7164B00413B9F /* MASConstraintMaker.m */,
				B81F8C1B20A7164B00413B9F /* MASLayoutConstraint.h */,
				B81F8C1C20A7164B00413B9F /* MASLayoutConstraint.m */,
				B81F8C1D20A7164B00413B9F /* Masonry.h */,
				B81F8C1E20A7164B00413B9F /* MASUtilities.h */,
				B81F8C1F20A7164B00413B9F /* MASViewAttribute.h */,
				B81F8C2020A7164B00413B9F /* MASViewAttribute.m */,
				B81F8C2120A7164B00413B9F /* MASViewConstraint.h */,
				B81F8C2220A7164B00413B9F /* MASViewConstraint.m */,
				B81F8C2320A7164B00413B9F /* NSArray+MASAdditions.h */,
				B81F8C2420A7164B00413B9F /* NSArray+MASAdditions.m */,
				B81F8C2520A7164B00413B9F /* NSArray+MASShorthandAdditions.h */,
				B81F8C2620A7164B00413B9F /* NSLayoutConstraint+MASDebugAdditions.h */,
				B81F8C2720A7164B00413B9F /* NSLayoutConstraint+MASDebugAdditions.m */,
				B81F8C2820A7164B00413B9F /* View+MASAdditions.h */,
				B81F8C2920A7164B00413B9F /* View+MASAdditions.m */,
				B81F8C2A20A7164B00413B9F /* View+MASShorthandAdditions.h */,
				B81F8C2B20A7164B00413B9F /* ViewController+MASAdditions.h */,
				B81F8C2C20A7164B00413B9F /* ViewController+MASAdditions.m */,
			);
			path = Masonry;
			sourceTree = "<group>";
		};
/* End PBXGroup section */

/* Begin PBXNativeTarget section */
		B81F8BDB20A7156800413B9F /* TTFeedBackDemo */ = {
			isa = PBXNativeTarget;
			buildConfigurationList = B81F8C0820A7156800413B9F /* Build configuration list for PBXNativeTarget "TTFeedBackDemo" */;
			buildPhases = (
				B81F8BD820A7156800413B9F /* Sources */,
				B81F8BD920A7156800413B9F /* Frameworks */,
				B81F8BDA20A7156800413B9F /* Resources */,
			);
			buildRules = (
			);
			dependencies = (
			);
			name = TTFeedBackDemo;
			productName = TTFeedBackDemo;
			productReference = B81F8BDC20A7156800413B9F /* TTFeedBackDemo.app */;
			productType = "com.apple.product-type.application";
		};
		B81F8BF320A7156800413B9F /* TTFeedBackDemoTests */ = {
			isa = PBXNativeTarget;
			buildConfigurationList = B81F8C0B20A7156800413B9F /* Build configuration list for PBXNativeTarget "TTFeedBackDemoTests" */;
			buildPhases = (
				B81F8BF020A7156800413B9F /* Sources */,
				B81F8BF120A7156800413B9F /* Frameworks */,
				B81F8BF220A7156800413B9F /* Resources */,
			);
			buildRules = (
			);
			dependencies = (
				B81F8BF620A7156800413B9F /* PBXTargetDependency */,
			);
			name = TTFeedBackDemoTests;
			productName = TTFeedBackDemoTests;
			productReference = B81F8BF420A7156800413B9F /* TTFeedBackDemoTests.xctest */;
			productType = "com.apple.product-type.bundle.unit-test";
		};
		B81F8BFE20A7156800413B9F /* TTFeedBackDemoUITests */ = {
			isa = PBXNativeTarget;
			buildConfigurationList = B81F8C0E20A7156800413B9F /* Build configuration list for PBXNativeTarget "TTFeedBackDemoUITests" */;
			buildPhases = (
				B81F8BFB20A7156800413B9F /* Sources */,
				B81F8BFC20A7156800413B9F /* Frameworks */,
				B81F8BFD20A7156800413B9F /* Resources */,
			);
			buildRules = (
			);
			dependencies = (
				B81F8C0120A7156800413B9F /* PBXTargetDependency */,
			);
			name = TTFeedBackDemoUITests;
			productName = TTFeedBackDemoUITests;
			productReference = B81F8BFF20A7156800413B9F /* TTFeedBackDemoUITests.xctest */;
			productType = "com.apple.product-type.bundle.ui-testing";
		};
/* End PBXNativeTarget section */

/* Begin PBXProject section */
		B81F8BD420A7156800413B9F /* Project object */ = {
			isa = PBXProject;
			attributes = {
				LastUpgradeCheck = 0920;
				ORGANIZATIONNAME = wangze;
				TargetAttributes = {
					B81F8BDB20A7156800413B9F = {
						CreatedOnToolsVersion = 9.2;
						ProvisioningStyle = Automatic;
					};
					B81F8BF320A7156800413B9F = {
						CreatedOnToolsVersion = 9.2;
						ProvisioningStyle = Automatic;
						TestTargetID = B81F8BDB20A7156800413B9F;
					};
					B81F8BFE20A7156800413B9F = {
						CreatedOnToolsVersion = 9.2;
						ProvisioningStyle = Automatic;
						TestTargetID = B81F8BDB20A7156800413B9F;
					};
				};
			};
			buildConfigurationList = B81F8BD720A7156800413B9F /* Build configuration list for PBXProject "TTFeedBackDemo" */;
			compatibilityVersion = "Xcode 8.0";
			developmentRegion = en;
			hasScannedForEncodings = 0;
			knownRegions = (
				en,
				Base,
			);
			mainGroup = B81F8BD320A7156800413B9F;
			productRefGroup = B81F8BDD20A7156800413B9F /* Products */;
			projectDirPath = "";
			projectRoot = "";
			targets = (
				B81F8BDB20A7156800413B9F /* TTFeedBackDemo */,
				B81F8BF320A7156800413B9F /* TTFeedBackDemoTests */,
				B81F8BFE20A7156800413B9F /* TTFeedBackDemoUITests */,
			);
		};
/* End PBXProject section */

/* Begin PBXResourcesBuildPhase section */
		B81F8BDA20A7156800413B9F /* Resources */ = {
			isa = PBXResourcesBuildPhase;
			buildActionMask = 2147483647;
			files = (
				B81F8C2D20A7164B00413B9F /* Info.plist in Resources */,
				B81F8BEC20A7156800413B9F /* LaunchScreen.storyboard in Resources */,
				B81F8BE920A7156800413B9F /* Assets.xcassets in Resources */,
				B81F8BE720A7156800413B9F /* Main.storyboard in Resources */,
			);
			runOnlyForDeploymentPostprocessing = 0;
		};
		B81F8BF220A7156800413B9F /* Resources */ = {
			isa = PBXResourcesBuildPhase;
			buildActionMask = 2147483647;
			files = (
			);
			runOnlyForDeploymentPostprocessing = 0;
		};
		B81F8BFD20A7156800413B9F /* Resources */ = {
			isa = PBXResourcesBuildPhase;
			buildActionMask = 2147483647;
			files = (
			);
			runOnlyForDeploymentPostprocessing = 0;
		};
/* End PBXResourcesBuildPhase section */

/* Begin PBXSourcesBuildPhase section */
		B81F8BD820A7156800413B9F /* Sources */ = {
			isa = PBXSourcesBuildPhase;
			buildActionMask = 2147483647;
			files = (
				B81F8C3520A7164B00413B9F /* NSLayoutConstraint+MASDebugAdditions.m in Sources */,
				B81F8C3320A7164B00413B9F /* MASViewConstraint.m in Sources */,
				B81F8C2E20A7164B00413B9F /* MASCompositeConstraint.m in Sources */,
				B81F8C3420A7164B00413B9F /* NSArray+MASAdditions.m in Sources */,
				B81F8BE420A7156800413B9F /* ViewController.m in Sources */,
				B81F8C3A20A7176F00413B9F /* TTFeedbackViewController.m in Sources */,
				B81F8BEF20A7156800413B9F /* main.m in Sources */,
				B81F8C3120A7164B00413B9F /* MASLayoutConstraint.m in Sources */,
				B81F8BE120A7156800413B9F /* AppDelegate.m in Sources */,
				B81F8C3720A7164B00413B9F /* ViewController+MASAdditions.m in Sources */,
				B81F8C3620A7164B00413B9F /* View+MASAdditions.m in Sources */,
				B81F8C3220A7164B00413B9F /* MASViewAttribute.m in Sources */,
				B81F8C2F20A7164B00413B9F /* MASConstraint.m in Sources */,
				B81F8C3020A7164B00413B9F /* MASConstraintMaker.m in Sources */,
			);
			runOnlyForDeploymentPostprocessing = 0;
		};
		B81F8BF020A7156800413B9F /* Sources */ = {
			isa = PBXSourcesBuildPhase;
			buildActionMask = 2147483647;
			files = (
				B81F8BF920A7156800413B9F /* TTFeedBackDemoTests.m in Sources */,
			);
			runOnlyForDeploymentPostprocessing = 0;
		};
		B81F8BFB20A7156800413B9F /* Sources */ = {
			isa = PBXSourcesBuildPhase;
			buildActionMask = 2147483647;
			files = (
				B81F8C0420A7156800413B9F /* TTFeedBackDemoUITests.m in Sources */,
			);
			runOnlyForDeploymentPostprocessing = 0;
		};
/* End PBXSourcesBuildPhase section */

/* Begin PBXTargetDependency section */
		B81F8BF620A7156800413B9F /* PBXTargetDependency */ = {
			isa = PBXTargetDependency;
			target = B81F8BDB20A7156800413B9F /* TTFeedBackDemo */;
			targetProxy = B81F8BF520A7156800413B9F /* PBXContainerItemProxy */;
		};
		B81F8C0120A7156800413B9F /* PBXTargetDependency */ = {
			isa = PBXTargetDependency;
			target = B81F8BDB20A7156800413B9F /* TTFeedBackDemo */;
			targetProxy = B81F8C0020A7156800413B9F /* PBXContainerItemProxy */;
		};
/* End PBXTargetDependency section */

/* Begin PBXVariantGroup section */
		B81F8BE520A7156800413B9F /* Main.storyboard */ = {
			isa = PBXVariantGroup;
			children = (
				B81F8BE620A7156800413B9F /* Base */,
			);
			name = Main.storyboard;
			sourceTree = "<group>";
		};
		B81F8BEA20A7156800413B9F /* LaunchScreen.storyboard */ = {
			isa = PBXVariantGroup;
			children = (
				B81F8BEB20A7156800413B9F /* Base */,
			);
			name = LaunchScreen.storyboard;
			sourceTree = "<group>";
		};
/* End PBXVariantGroup section */

/* Begin XCBuildConfiguration section */
		B81F8C0620A7156800413B9F /* Debug */ = {
			isa = XCBuildConfiguration;
			buildSettings = {
				ALWAYS_SEARCH_USER_PATHS = NO;
				CLANG_ANALYZER_NONNULL = YES;
				CLANG_ANALYZER_NUMBER_OBJECT_CONVERSION = YES_AGGRESSIVE;
				CLANG_CXX_LANGUAGE_STANDARD = "gnu++14";
				CLANG_CXX_LIBRARY = "libc++";
				CLANG_ENABLE_MODULES = YES;
				CLANG_ENABLE_OBJC_ARC = YES;
				CLANG_WARN_BLOCK_CAPTURE_AUTORELEASING = YES;
				CLANG_WARN_BOOL_CONVERSION = YES;
				CLANG_WARN_COMMA = YES;
				CLANG_WARN_CONSTANT_CONVERSION = YES;
				CLANG_WARN_DIRECT_OBJC_ISA_USAGE = YES_ERROR;
				CLANG_WARN_DOCUMENTATION_COMMENTS = YES;
				CLANG_WARN_EMPTY_BODY = YES;
				CLANG_WARN_ENUM_CONVERSION = YES;
				CLANG_WARN_INFINITE_RECURSION = YES;
				CLANG_WARN_INT_CONVERSION = YES;
				CLANG_WARN_NON_LITERAL_NULL_CONVERSION = YES;
				CLANG_WARN_OBJC_LITERAL_CONVERSION = YES;
				CLANG_WARN_OBJC_ROOT_CLASS = YES_ERROR;
				CLANG_WARN_RANGE_LOOP_ANALYSIS = YES;
				CLANG_WARN_STRICT_PROTOTYPES = YES;
				CLANG_WARN_SUSPICIOUS_MOVE = YES;
				CLANG_WARN_UNGUARDED_AVAILABILITY = YES_AGGRESSIVE;
				CLANG_WARN_UNREACHABLE_CODE = YES;
				CLANG_WARN__DUPLICATE_METHOD_MATCH = YES;
				CODE_SIGN_IDENTITY = "iPhone Developer";
				COPY_PHASE_STRIP = NO;
				DEBUG_INFORMATION_FORMAT = dwarf;
				ENABLE_STRICT_OBJC_MSGSEND = YES;
				ENABLE_TESTABILITY = YES;
				GCC_C_LANGUAGE_STANDARD = gnu11;
				GCC_DYNAMIC_NO_PIC = NO;
				GCC_NO_COMMON_BLOCKS = YES;
				GCC_OPTIMIZATION_LEVEL = 0;
				GCC_PREPROCESSOR_DEFINITIONS = (
					"DEBUG=1",
					"$(inherited)",
				);
				GCC_WARN_64_TO_32_BIT_CONVERSION = YES;
				GCC_WARN_ABOUT_RETURN_TYPE = YES_ERROR;
				GCC_WARN_UNDECLARED_SELECTOR = YES;
				GCC_WARN_UNINITIALIZED_AUTOS = YES_AGGRESSIVE;
				GCC_WARN_UNUSED_FUNCTION = YES;
				GCC_WARN_UNUSED_VARIABLE = YES;
				IPHONEOS_DEPLOYMENT_TARGET = 11.2;
				MTL_ENABLE_DEBUG_INFO = YES;
				ONLY_ACTIVE_ARCH = YES;
				SDKROOT = iphoneos;
			};
			name = Debug;
		};
		B81F8C0720A7156800413B9F /* Release */ = {
			isa = XCBuildConfiguration;
			buildSettings = {
				ALWAYS_SEARCH_USER_PATHS = NO;
				CLANG_ANALYZER_NONNULL = YES;
				CLANG_ANALYZER_NUMBER_OBJECT_CONVERSION = YES_AGGRESSIVE;
				CLANG_CXX_LANGUAGE_STANDARD = "gnu++14";
				CLANG_CXX_LIBRARY = "libc++";
				CLANG_ENABLE_MODULES = YES;
				CLANG_ENABLE_OBJC_ARC = YES;
				CLANG_WARN_BLOCK_CAPTURE_AUTORELEASING = YES;
				CLANG_WARN_BOOL_CONVERSION = YES;
				CLANG_WARN_COMMA = YES;
				CLANG_WARN_CONSTANT_CONVERSION = YES;
				CLANG_WARN_DIRECT_OBJC_ISA_USAGE = YES_ERROR;
				CLANG_WARN_DOCUMENTATION_COMMENTS = YES;
				CLANG_WARN_EMPTY_BODY = YES;
				CLANG_WARN_ENUM_CONVERSION = YES;
				CLANG_WARN_INFINITE_RECURSION = YES;
				CLANG_WARN_INT_CONVERSION = YES;
				CLANG_WARN_NON_LITERAL_NULL_CONVERSION = YES;
				CLANG_WARN_OBJC_LITERAL_CONVERSION = YES;
				CLANG_WARN_OBJC_ROOT_CLASS = YES_ERROR;
				CLANG_WARN_RANGE_LOOP_ANALYSIS = YES;
				CLANG_WARN_STRICT_PROTOTYPES = YES;
				CLANG_WARN_SUSPICIOUS_MOVE = YES;
				CLANG_WARN_UNGUARDED_AVAILABILITY = YES_AGGRESSIVE;
				CLANG_WARN_UNREACHABLE_CODE = YES;
				CLANG_WARN__DUPLICATE_METHOD_MATCH = YES;
				CODE_SIGN_IDENTITY = "iPhone Developer";
				COPY_PHASE_STRIP = NO;
				DEBUG_INFORMATION_FORMAT = "dwarf-with-dsym";
				ENABLE_NS_ASSERTIONS = NO;
				ENABLE_STRICT_OBJC_MSGSEND = YES;
				GCC_C_LANGUAGE_STANDARD = gnu11;
				GCC_NO_COMMON_BLOCKS = YES;
				GCC_WARN_64_TO_32_BIT_CONVERSION = YES;
				GCC_WARN_ABOUT_RETURN_TYPE = YES_ERROR;
				GCC_WARN_UNDECLARED_SELECTOR = YES;
				GCC_WARN_UNINITIALIZED_AUTOS = YES_AGGRESSIVE;
				GCC_WARN_UNUSED_FUNCTION = YES;
				GCC_WARN_UNUSED_VARIABLE = YES;
				IPHONEOS_DEPLOYMENT_TARGET = 11.2;
				MTL_ENABLE_DEBUG_INFO = NO;
				SDKROOT = iphoneos;
				VALIDATE_PRODUCT = YES;
			};
			name = Release;
		};
		B81F8C0920A7156800413B9F /* Debug */ = {
			isa = XCBuildConfiguration;
			buildSettings = {
				ASSETCATALOG_COMPILER_APPICON_NAME = AppIcon;
				CODE_SIGN_STYLE = Automatic;
				DEVELOPMENT_TEAM = MPD48D7QH5;
				INFOPLIST_FILE = TTFeedBackDemo/Info.plist;
				LD_RUNPATH_SEARCH_PATHS = "$(inherited) @executable_path/Frameworks";
				PRODUCT_BUNDLE_IDENTIFIER = com.cmcm.TTFeedBackDemo;
				PRODUCT_NAME = "$(TARGET_NAME)";
				TARGETED_DEVICE_FAMILY = "1,2";
			};
			name = Debug;
		};
		B81F8C0A20A7156800413B9F /* Release */ = {
			isa = XCBuildConfiguration;
			buildSettings = {
				ASSETCATALOG_COMPILER_APPICON_NAME = AppIcon;
				CODE_SIGN_STYLE = Automatic;
				DEVELOPMENT_TEAM = MPD48D7QH5;
				INFOPLIST_FILE = TTFeedBackDemo/Info.plist;
				LD_RUNPATH_SEARCH_PATHS = "$(inherited) @executable_path/Frameworks";
				PRODUCT_BUNDLE_IDENTIFIER = com.cmcm.TTFeedBackDemo;
				PRODUCT_NAME = "$(TARGET_NAME)";
				TARGETED_DEVICE_FAMILY = "1,2";
			};
			name = Release;
		};
		B81F8C0C20A7156800413B9F /* Debug */ = {
			isa = XCBuildConfiguration;
			buildSettings = {
				BUNDLE_LOADER = "$(TEST_HOST)";
				CODE_SIGN_STYLE = Automatic;
				DEVELOPMENT_TEAM = MPD48D7QH5;
				INFOPLIST_FILE = TTFeedBackDemoTests/Info.plist;
				LD_RUNPATH_SEARCH_PATHS = "$(inherited) @executable_path/Frameworks @loader_path/Frameworks";
				PRODUCT_BUNDLE_IDENTIFIER = com.cmcm.TTFeedBackDemoTests;
				PRODUCT_NAME = "$(TARGET_NAME)";
				TARGETED_DEVICE_FAMILY = "1,2";
				TEST_HOST = "$(BUILT_PRODUCTS_DIR)/TTFeedBackDemo.app/TTFeedBackDemo";
			};
			name = Debug;
		};
		B81F8C0D20A7156800413B9F /* Release */ = {
			isa = XCBuildConfiguration;
			buildSettings = {
				BUNDLE_LOADER = "$(TEST_HOST)";
				CODE_SIGN_STYLE = Automatic;
				DEVELOPMENT_TEAM = MPD48D7QH5;
				INFOPLIST_FILE = TTFeedBackDemoTests/Info.plist;
				LD_RUNPATH_SEARCH_PATHS = "$(inherited) @executable_path/Frameworks @loader_path/Frameworks";
				PRODUCT_BUNDLE_IDENTIFIER = com.cmcm.TTFeedBackDemoTests;
				PRODUCT_NAME = "$(TARGET_NAME)";
				TARGETED_DEVICE_FAMILY = "1,2";
				TEST_HOST = "$(BUILT_PRODUCTS_DIR)/TTFeedBackDemo.app/TTFeedBackDemo";
			};
			name = Release;
		};
		B81F8C0F20A7156800413B9F /* Debug */ = {
			isa = XCBuildConfiguration;
			buildSettings = {
				CODE_SIGN_STYLE = Automatic;
				DEVELOPMENT_TEAM = MPD48D7QH5;
				INFOPLIST_FILE = TTFeedBackDemoUITests/Info.plist;
				LD_RUNPATH_SEARCH_PATHS = "$(inherited) @executable_path/Frameworks @loader_path/Frameworks";
				PRODUCT_BUNDLE_IDENTIFIER = com.cmcm.TTFeedBackDemoUITests;
				PRODUCT_NAME = "$(TARGET_NAME)";
				TARGETED_DEVICE_FAMILY = "1,2";
				TEST_TARGET_NAME = TTFeedBackDemo;
			};
			name = Debug;
		};
		B81F8C1020A7156800413B9F /* Release */ = {
			isa = XCBuildConfiguration;
			buildSettings = {
				CODE_SIGN_STYLE = Automatic;
				DEVELOPMENT_TEAM = MPD48D7QH5;
				INFOPLIST_FILE = TTFeedBackDemoUITests/Info.plist;
				LD_RUNPATH_SEARCH_PATHS = "$(inherited) @executable_path/Frameworks @loader_path/Frameworks";
				PRODUCT_BUNDLE_IDENTIFIER = com.cmcm.TTFeedBackDemoUITests;
				PRODUCT_NAME = "$(TARGET_NAME)";
				TARGETED_DEVICE_FAMILY = "1,2";
				TEST_TARGET_NAME = TTFeedBackDemo;
			};
			name = Release;
		};
/* End XCBuildConfiguration section */

/* Begin XCConfigurationList section */
		B81F8BD720A7156800413B9F /* Build configuration list for PBXProject "TTFeedBackDemo" */ = {
			isa = XCConfigurationList;
			buildConfigurations = (
				B81F8C0620A7156800413B9F /* Debug */,
				B81F8C0720A7156800413B9F /* Release */,
			);
			defaultConfigurationIsVisible = 0;
			defaultConfigurationName = Release;
		};
		B81F8C0820A7156800413B9F /* Build configuration list for PBXNativeTarget "TTFeedBackDemo" */ = {
			isa = XCConfigurationList;
			buildConfigurations = (
				B81F8C0920A7156800413B9F /* Debug */,
				B81F8C0A20A7156800413B9F /* Release */,
			);
			defaultConfigurationIsVisible = 0;
			defaultConfigurationName = Release;
		};
		B81F8C0B20A7156800413B9F /* Build configuration list for PBXNativeTarget "TTFeedBackDemoTests" */ = {
			isa = XCConfigurationList;
			buildConfigurations = (
				B81F8C0C20A7156800413B9F /* Debug */,
				B81F8C0D20A7156800413B9F /* Release */,
			);
			defaultConfigurationIsVisible = 0;
			defaultConfigurationName = Release;
		};
		B81F8C0E20A7156800413B9F /* Build configuration list for PBXNativeTarget "TTFeedBackDemoUITests" */ = {
			isa = XCConfigurationList;
			buildConfigurations = (
				B81F8C0F20A7156800413B9F /* Debug */,
				B81F8C1020A7156800413B9F /* Release */,
			);
			defaultConfigurationIsVisible = 0;
			defaultConfigurationName = Release;
		};
/* End XCConfigurationList section */
	};
	rootObject = B81F8BD420A7156800413B9F /* Project object */;
}
